
Microsoft Visual Studio Solution File, Format Version 12.00
Project("{FAE04EC0-301F-11D3-BF4B-00C04F79EFBC}") = "CodinGame", "CodinGame\CodinGame.csproj", "{65A40CEB-4D06-4E51-B857-75DF9E0D3AB3}"
EndProject
Project("{FAE04EC0-301F-11D3-BF4B-00C04F79EFBC}") = "CodinGame.Tests", "CodinGame.Tests\CodinGame.Tests.csproj", "{042B9CAA-C89B-46DA-9E83-CD85A18647AB}"
EndProject
Project("{FAE04EC0-301F-11D3-BF4B-00C04F79EFBC}") = "CodinGame.Application", "CodinGame.Application\CodinGame.Application.csproj", "{1CE89FD3-16AF-42B9-BBC2-3AD4E0BB1CD7}"
EndProject
Global
	GlobalSection(SolutionConfigurationPlatforms) = preSolution
		Debug|Any CPU = Debug|Any CPU
		Release|Any CPU = Release|Any CPU
	EndGlobalSection
	GlobalSection(ProjectConfigurationPlatforms) = postSolution
		{65A40CEB-4D06-4E51-B857-75DF9E0D3AB3}.Debug|Any CPU.ActiveCfg = Debug|Any CPU
		{65A40CEB-4D06-4E51-B857-75DF9E0D3AB3}.Debug|Any CPU.Build.0 = Debug|Any CPU
		{65A40CEB-4D06-4E51-B857-75DF9E0D3AB3}.Release|Any CPU.ActiveCfg = Release|Any CPU
		{65A40CEB-4D06-4E51-B857-75DF9E0D3AB3}.Release|Any CPU.Build.0 = Release|Any CPU
		{042B9CAA-C89B-46DA-9E83-CD85A18647AB}.Debug|Any CPU.ActiveCfg = Debug|Any CPU
		{042B9CAA-C89B-46DA-9E83-CD85A18647AB}.Debug|Any CPU.Build.0 = Debug|Any CPU
		{042B9CAA-C89B-46DA-9E83-CD85A18647AB}.Release|Any CPU.ActiveCfg = Release|Any CPU
		{042B9CAA-C89B-46DA-9E83-CD85A18647AB}.Release|Any CPU.Build.0 = Release|Any CPU
		{1CE89FD3-16AF-42B9-BBC2-3AD4E0BB1CD7}.Debug|Any CPU.ActiveCfg = Debug|Any CPU
		{1CE89FD3-16AF-42B9-BBC2-3AD4E0BB1CD7}.Debug|Any CPU.Build.0 = Debug|Any CPU
		{1CE89FD3-16AF-42B9-BBC2-3AD4E0BB1CD7}.Release|Any CPU.ActiveCfg = Release|Any CPU
		{1CE89FD3-16AF-42B9-BBC2-3AD4E0BB1CD7}.Release|Any CPU.Build.0 = Release|Any CPU
	EndGlobalSection
EndGlobal
